{
  "version": 1,
  "dependencies": {
    "net10.0-windows10.0.17763": {
      "Emoji.Wpf": {
        "type": "Direct",
        "requested": "[0.3.4, )",
        "resolved": "0.3.4",
        "contentHash": "3ouEfw6Mo5Czk0TJd4BWrElB21jK9lKWqB1ZZF1DEBDRLNmOvJJbT51/ELLMIyqyn4p/mh10XC9Kmqmb1IbmnQ==",
        "dependencies": {
          "JeremyAnsel.HLSL.Targets": "1.0.13",
          "Stfu": "0.1.1"
        }
      },
      "Microsoft.NET.ILLink.Tasks": {
        "type": "Direct",
        "requested": "[10.0.12, )",
        "resolved": "10.0.12",
        "contentHash": "xi+BDjFpW+Sb+MHFHaH6Y/gV9I8BluFwRXc1QyCdoZbIK26eNiBeFuMTe/FMwc33G1wdHCyDg7CVTmb8OdQrMQ=="
      },
      "Microsoft.Toolkit.Uwp.Notifications": {
        "type": "Direct",
        "requested": "[7.1.3, )",
        "resolved": "7.1.3",
        "contentHash": "A1dglAzb24gjehmb7DwGd07mfyZ1gacAK7ObE0KwDlRc3mayH2QW7cSOy3TkkyELjLg19OQBuhPOj4SpXET9lg=="
      },
      "Microsoft.Web.WebView2": {
        "type": "Direct",
        "requested": "[1.0.4191.47, )",
        "resolved": "1.0.4191.47",
        "contentHash": "Snb6mlTpuz6ZFjWMwIdg28Xp6kAUMy3zaLUyGbFSaw+/AJKlwoX8EiaWJ1eUMfKyJHksPkFjJHl1LIB7kX+0AQ=="
      },
      "JeremyAnsel.HLSL.Targets": {
        "type": "Transitive",
        "resolved": "1.0.13",
        "contentHash": "uLfE1STTM/o8G2eWEtQWMHm91nO47BIEsjXhO3c6hvsjx+bInTA7LnqI9iAWUWr58Sug+NSoNNZT83i2mWMl7g=="
      },
      "Stfu": {
        "type": "Transitive",
        "resolved": "0.1.1",
        "contentHash": "wUd0joqQoZ1B/wULKx1gGTY9zxiDbsW3Y6W0G0guCTL/jRMdDBPr9FMHfkoOKB0JIYGlup3NqXrsqs8fPrCdrw=="
      },
      "jjogae.core": {
        "type": "Project"
      }
    },
    "net10.0-windows10.0.17763/win-x64": {
      "Microsoft.Web.WebView2": {
        "type": "Direct",
        "requested": "[1.0.4191.47, )",
        "resolved": "1.0.4191.47",
        "contentHash": "Snb6mlTpuz6ZFjWMwIdg28Xp6kAUMy3zaLUyGbFSaw+/AJKlwoX8EiaWJ1eUMfKyJHksPkFjJHl1LIB7kX+0AQ=="
      }
    }
  }
}